
Microsoft Visual Studio Solution File, Format Version 12.00
# Visual Studio Version 16
VisualStudioVersion = 16.0.29215.179
MinimumVisualStudioVersion = 10.0.40219.1
Project("{FAE04EC0-301F-11D3-BF4B-00C04F79EFBC}") = "ProjectUno", "ProjectUno.csproj", "{E0BA8B1B-7AE1-44A3-9304-105528DE0015}"
EndProject
Global
	GlobalSection(SolutionConfigurationPlatforms) = preSolution
		Debug|Any CPU = Debug|Any CPU
		Release|Any CPU = Release|Any CPU
	EndGlobalSection
	GlobalSection(ProjectConfigurationPlatforms) = postSolution
		{E0BA8B1B-7AE1-44A3-9304-105528DE0015}.Debug|Any CPU.ActiveCfg = Debug|Any CPU
		{E0BA8B1B-7AE1-44A3-9304-105528DE0015}.Debug|Any CPU.Build.0 = Debug|Any CPU
		{E0BA8B1B-7AE1-44A3-9304-105528DE0015}.Release|Any CPU.ActiveCfg = Release|Any CPU
		{E0BA8B1B-7AE1-44A3-9304-105528DE0015}.Release|Any CPU.Build.0 = Release|Any CPU
	EndGlobalSection
	GlobalSection(SolutionProperties) = preSolution
		HideSolutionNode = FALSE
	EndGlobalSection
	GlobalSection(ExtensibilityGlobals) = postSolution
		SolutionGuid = {780E674D-31ED-484B-81DD-CFFB036A8537}
	EndGlobalSection
EndGlobal
